// !$*UTF8*$!
{
	archiveVersion = 1;
	classes = {
	};
	objectVersion = 46;
	objects = {

/* Begin PBXBuildFile section */
		C46744441922884100F50EF5 /* Foundation.framework in Frameworks */ = {isa = PBXBuildFile; fileRef = C46744431922884100F50EF5 /* Foundation.framework */; };
		C46744461922884100F50EF5 /* CoreGraphics.framework in Frameworks */ = {isa = PBXBuildFile; fileRef = C46744451922884100F50EF5 /* CoreGraphics.framework */; };
		C46744481922884100F50EF5 /* UIKit.framework in Frameworks */ = {isa = PBXBuildFile; fileRef = C46744471922884100F50EF5 /* UIKit.framework */; };
		C467444E1922884100F50EF5 /* InfoPlist.strings in Resources */ = {isa = PBXBuildFile; fileRef = C467444C1922884100F50EF5 /* InfoPlist.strings */; };
		C46744501922884100F50EF5 /* main.m in Sources */ = {isa = PBXBuildFile; fileRef = C467444F1922884100F50EF5 /* main.m */; };
		C46744541922884100F50EF5 /* AppDelegate.m in Sources */ = {isa = PBXBuildFile; fileRef = C46744531922884100F50EF5 /* AppDelegate.m */; };
		C46744571922884100F50EF5 /* Main.storyboard in Resources */ = {isa = PBXBuildFile; fileRef = C46744551922884100F50EF5 /* Main.storyboard */; };
		C467445A1922884100F50EF5 /* ViewController.m in Sources */ = {isa = PBXBuildFile; fileRef = C46744591922884100F50EF5 /* ViewController.m */; };
		C467445C1922884100F50EF5 /* Images.xcassets in Resources */ = {isa = PBXBuildFile; fileRef = C467445B1922884100F50EF5 /* Images.xcassets */; };
		C46744631922884100F50EF5 /* XCTest.framework in Frameworks */ = {isa = PBXBuildFile; fileRef = C46744621922884100F50EF5 /* XCTest.framework */; };
		C46744641922884100F50EF5 /* Foundation.framework in Frameworks */ = {isa = PBXBuildFile; fileRef = C46744431922884100F50EF5 /* Foundation.framework */; };
		C46744651922884100F50EF5 /* UIKit.framework in Frameworks */ = {isa = PBXBuildFile; fileRef = C46744471922884100F50EF5 /* UIKit.framework */; };
		C467446D1922884100F50EF5 /* InfoPlist.strings in Resources */ = {isa = PBXBuildFile; fileRef = C467446B1922884100F50EF5 /* InfoPlist.strings */; };
		C467446F1922884100F50EF5 /* AdventureTests.m in Sources */ = {isa = PBXBuildFile; fileRef = C467446E1922884100F50EF5 /* AdventureTests.m */; };
/* End PBXBuildFile section */

/* Begin PBXContainerItemProxy section */
		C46744661922884100F50EF5 /* PBXContainerItemProxy */ = {
			isa = PBXContainerItemProxy;
			containerPortal = C46744381922884100F50EF5 /* Project object */;
			proxyType = 1;
			remoteGlobalIDString = C467443F1922884100F50EF5;
			remoteInfo = Adventure;
		};
/* End PBXContainerItemProxy section */

/* Begin PBXFileReference section */
		C46744401922884100F50EF5 /* Adventure.app */ = {isa = PBXFileReference; explicitFileType = wrapper.application; includeInIndex = 0; path = Adventure.app; sourceTree = BUILT_PRODUCTS_DIR; };
		C46744431922884100F50EF5 /* Foundation.framework */ = {isa = PBXFileReference; lastKnownFileType = wrapper.framework; name = Foundation.framework; path = System/Library/Frameworks/Foundation.framework; sourceTree = SDKROOT; };
		C46744451922884100F50EF5 /* CoreGraphics.framework */ = {isa = PBXFileReference; lastKnownFileType = wrapper.framework; name = CoreGraphics.framework; path = System/Library/Frameworks/CoreGraphics.framework; sourceTree = SDKROOT; };
		C46744471922884100F50EF5 /* UIKit.framework */ = {isa = PBXFileReference; lastKnownFileType = wrapper.framework; name = UIKit.framework; path = System/Library/Frameworks/UIKit.framework; sourceTree = SDKROOT; };
		C467444B1922884100F50EF5 /* Adventure-Info.plist */ = {isa = PBXFileReference; lastKnownFileType = text.plist.xml; path = "Adventure-Info.plist"; sourceTree = "<group>"; };
		C467444D1922884100F50EF5 /* en */ = {isa = PBXFileReference; lastKnownFileType = text.plist.strings; name = en; path = en.lproj/InfoPlist.strings; sourceTree = "<group>"; };
		C467444F1922884100F50EF5 /* main.m */ = {isa = PBXFileReference; lastKnownFileType = sourcecode.c.objc; path = main.m; sourceTree = "<group>"; };
		C46744511922884100F50EF5 /* Adventure-Prefix.pch */ = {isa = PBXFileReference; lastKnownFileType = sourcecode.c.h; path = "Adventure-Prefix.pch"; sourceTree = "<group>"; };
		C46744521922884100F50EF5 /* AppDelegate.h */ = {isa = PBXFileReference; lastKnownFileType = sourcecode.c.h; path = AppDelegate.h; sourceTree = "<group>"; };
		C46744531922884100F50EF5 /* AppDelegate.m */ = {isa = PBXFileReference; lastKnownFileType = sourcecode.c.objc; path = AppDelegate.m; sourceTree = "<group>"; };
		C46744561922884100F50EF5 /* Base */ = {isa = PBXFileReference; lastKnownFileType = file.storyboard; name = Base; path = Base.lproj/Main.storyboard; sourceTree = "<group>"; };
		C46744581922884100F50EF5 /* ViewController.h */ = {isa = PBXFileReference; lastKnownFileType = sourcecode.c.h; path = ViewController.h; sourceTree = "<group>"; };
		C46744591922884100F50EF5 /* ViewController.m */ = {isa = PBXFileReference; lastKnownFileType = sourcecode.c.objc; path = ViewController.m; sourceTree = "<group>"; };
		C467445B1922884100F50EF5 /* Images.xcassets */ = {isa = PBXFileReference; lastKnownFileType = folder.assetcatalog; path = Images.xcassets; sourceTree = "<group>"; };
		C46744611922884100F50EF5 /* AdventureTests.xctest */ = {isa = PBXFileReference; explicitFileType = wrapper.cfbundle; includeInIndex = 0; path = AdventureTests.xctest; sourceTree = BUILT_PRODUCTS_DIR; };
		C46744621922884100F50EF5 /* XCTest.framework */ = {isa = PBXFileReference; lastKnownFileType = wrapper.framework; name = XCTest.framework; path = Library/Frameworks/XCTest.framework; sourceTree = DEVELOPER_DIR; };
		C467446A1922884100F50EF5 /* AdventureTests-Info.plist */ = {isa = PBXFileReference; lastKnownFileType = text.plist.xml; path = "AdventureTests-Info.plist"; sourceTree = "<group>"; };
		C467446C1922884100F50EF5 /* en */ = {isa = PBXFileReference; lastKnownFileType = text.plist.strings; name = en; path = en.lproj/InfoPlist.strings; sourceTree = "<group>"; };
		C467446E1922884100F50EF5 /* AdventureTests.m */ = {isa = PBXFileReference; lastKnownFileType = sourcecode.c.objc; path = AdventureTests.m; sourceTree = "<group>"; };
/* End PBXFileReference section */

/* Begin PBXFrameworksBuildPhase section */
		C467443D1922884100F50EF5 /* Frameworks */ = {
			isa = PBXFrameworksBuildPhase;
			buildActionMask = 2147483647;
			files = (
				C46744461922884100F50EF5 /* CoreGraphics.framework in Frameworks */,
				C46744481922884100F50EF5 /* UIKit.framework in Frameworks */,
				C46744441922884100F50EF5 /* Foundation.framework in Frameworks */,
			);
			runOnlyForDeploymentPostprocessing = 0;
		};
		C467445E1922884100F50EF5 /* Frameworks */ = {
			isa = PBXFrameworksBuildPhase;
			buildActionMask = 2147483647;
			files = (
				C46744631922884100F50EF5 /* XCTest.framework in Frameworks */,
				C46744651922884100F50EF5 /* UIKit.framework in Frameworks */,
				C46744641922884100F50EF5 /* Foundation.framework in Frameworks */,
			);
			runOnlyForDeploymentPostprocessing = 0;
		};
/* End PBXFrameworksBuildPhase section */

/* Begin PBXGroup section */
		C46744371922884100F50EF5 = {
			isa = PBXGroup;
			children = (
				C46744491922884100F50EF5 /* Adventure */,
				C46744681922884100F50EF5 /* AdventureTests */,
				C46744421922884100F50EF5 /* Frameworks */,
				C46744411922884100F50EF5 /* Products */,
			);
			sourceTree = "<group>";
		};
		C46744411922884100F50EF5 /* Products */ = {
			isa = PBXGroup;
			children = (
				C46744401922884100F50EF5 /* Adventure.app */,
				C46744611922884100F50EF5 /* AdventureTests.xctest */,
			);
			name = Products;
			sourceTree = "<group>";
		};
		C46744421922884100F50EF5 /* Frameworks */ = {
			isa = PBXGroup;
			children = (
				C46744431922884100F50EF5 /* Foundation.framework */,
				C46744451922884100F50EF5 /* CoreGraphics.framework */,
				C46744471922884100F50EF5 /* UIKit.framework */,
				C46744621922884100F50EF5 /* XCTest.framework */,
			);
			name = Frameworks;
			sourceTree = "<group>";
		};
		C46744491922884100F50EF5 /* Adventure */ = {
			isa = PBXGroup;
			children = (
				C46744521922884100F50EF5 /* AppDelegate.h */,
				C46744531922884100F50EF5 /* AppDelegate.m */,
				C46744551922884100F50EF5 /* Main.storyboard */,
				C46744581922884100F50EF5 /* ViewController.h */,
				C46744591922884100F50EF5 /* ViewController.m */,
				C467445B1922884100F50EF5 /* Images.xcassets */,
				C467444A1922884100F50EF5 /* Supporting Files */,
			);
			path = Adventure;
			sourceTree = "<group>";
		};
		C467444A1922884100F50EF5 /* Supporting Files */ = {
			isa = PBXGroup;
			children = (
				C467444B1922884100F50EF5 /* Adventure-Info.plist */,
				C467444C1922884100F50EF5 /* InfoPlist.strings */,
				C467444F1922884100F50EF5 /* main.m */,
				C46744511922884100F50EF5 /* Adventure-Prefix.pch */,
			);
			name = "Supporting Files";
			sourceTree = "<group>";
		};
		C46744681922884100F50EF5 /* AdventureTests */ = {
			isa = PBXGroup;
			children = (
				C467446E1922884100F50EF5 /* AdventureTests.m */,
				C46744691922884100F50EF5 /* Supporting Files */,
			);
			path = AdventureTests;
			sourceTree = "<group>";
		};
		C46744691922884100F50EF5 /* Supporting Files */ = {
			isa = PBXGroup;
			children = (
				C467446A1922884100F50EF5 /* AdventureTests-Info.plist */,
				C467446B1922884100F50EF5 /* InfoPlist.strings */,
			);
			name = "Supporting Files";
			sourceTree = "<group>";
		};
/* End PBXGroup section */

/* Begin PBXNativeTarget section */
		C467443F1922884100F50EF5 /* Adventure */ = {
			isa = PBXNativeTarget;
			buildConfigurationList = C46744721922884100F50EF5 /* Build configuration list for PBXNativeTarget "Adventure" */;
			buildPhases = (
				C467443C1922884100F50EF5 /* Sources */,
				C467443D1922884100F50EF5 /* Frameworks */,
				C467443E1922884100F50EF5 /* Resources */,
			);
			buildRules = (
			);
			dependencies = (
			);
			name = Adventure;
			productName = Adventure;
			productReference = C46744401922884100F50EF5 /* Adventure.app */;
			productType = "com.apple.product-type.application";
		};
		C46744601922884100F50EF5 /* AdventureTests */ = {
			isa = PBXNativeTarget;
			buildConfigurationList = C46744751922884100F50EF5 /* Build configuration list for PBXNativeTarget "AdventureTests" */;
			buildPhases = (
				C467445D1922884100F50EF5 /* Sources */,
				C467445E1922884100F50EF5 /* Frameworks */,
				C467445F1922884100F50EF5 /* Resources */,
			);
			buildRules = (
			);
			dependencies = (
				C46744671922884100F50EF5 /* PBXTargetDependency */,
			);
			name = AdventureTests;
			productName = AdventureTests;
			productReference = C46744611922884100F50EF5 /* AdventureTests.xctest */;
			productType = "com.apple.product-type.bundle.unit-test";
		};
/* End PBXNativeTarget section */

/* Begin PBXProject section */
		C46744381922884100F50EF5 /* Project object */ = {
			isa = PBXProject;
			attributes = {
				LastUpgradeCheck = 0510;
				ORGANIZATIONNAME = BGHS;
				TargetAttributes = {
					C46744601922884100F50EF5 = {
						TestTargetID = C467443F1922884100F50EF5;
					};
				};
			};
			buildConfigurationList = C467443B1922884100F50EF5 /* Build configuration list for PBXProject "Adventure" */;
			compatibilityVersion = "Xcode 3.2";
			developmentRegion = English;
			hasScannedForEncodings = 0;
			knownRegions = (
				en,
				Base,
			);
			mainGroup = C46744371922884100F50EF5;
			productRefGroup = C46744411922884100F50EF5 /* Products */;
			projectDirPath = "";
			projectRoot = "";
			targets = (
				C467443F1922884100F50EF5 /* Adventure */,
				C46744601922884100F50EF5 /* AdventureTests */,
			);
		};
/* End PBXProject section */

/* Begin PBXResourcesBuildPhase section */
		C467443E1922884100F50EF5 /* Resources */ = {
			isa = PBXResourcesBuildPhase;
			buildActionMask = 2147483647;
			files = (
				C467445C1922884100F50EF5 /* Images.xcassets in Resources */,
				C467444E1922884100F50EF5 /* InfoPlist.strings in Resources */,
				C46744571922884100F50EF5 /* Main.storyboard in Resources */,
			);
			runOnlyForDeploymentPostprocessing = 0;
		};
		C467445F1922884100F50EF5 /* Resources */ = {
			isa = PBXResourcesBuildPhase;
			buildActionMask = 2147483647;
			files = (
				C467446D1922884100F50EF5 /* InfoPlist.strings in Resources */,
			);
			runOnlyForDeploymentPostprocessing = 0;
		};
/* End PBXResourcesBuildPhase section */

/* Begin PBXSourcesBuildPhase section */
		C467443C1922884100F50EF5 /* Sources */ = {
			isa = PBXSourcesBuildPhase;
			buildActionMask = 2147483647;
			files = (
				C467445A1922884100F50EF5 /* ViewController.m in Sources */,
				C46744541922884100F50EF5 /* AppDelegate.m in Sources */,
				C46744501922884100F50EF5 /* main.m in Sources */,
			);
			runOnlyForDeploymentPostprocessing = 0;
		};
		C467445D1922884100F50EF5 /* Sources */ = {
			isa = PBXSourcesBuildPhase;
			buildActionMask = 2147483647;
			files = (
				C467446F1922884100F50EF5 /* AdventureTests.m in Sources */,
			);
			runOnlyForDeploymentPostprocessing = 0;
		};
/* End PBXSourcesBuildPhase section */

/* Begin PBXTargetDependency section */
		C46744671922884100F50EF5 /* PBXTargetDependency */ = {
			isa = PBXTargetDependency;
			target = C467443F1922884100F50EF5 /* Adventure */;
			targetProxy = C46744661922884100F50EF5 /* PBXContainerItemProxy */;
		};
/* End PBXTargetDependency section */

/* Begin PBXVariantGroup section */
		C467444C1922884100F50EF5 /* InfoPlist.strings */ = {
			isa = PBXVariantGroup;
			children = (
				C467444D1922884100F50EF5 /* en */,
			);
			name = InfoPlist.strings;
			sourceTree = "<group>";
		};
		C46744551922884100F50EF5 /* Main.storyboard */ = {
			isa = PBXVariantGroup;
			children = (
				C46744561922884100F50EF5 /* Base */,
			);
			name = Main.storyboard;
			sourceTree = "<group>";
		};
		C467446B1922884100F50EF5 /* InfoPlist.strings */ = {
			isa = PBXVariantGroup;
			children = (
				C467446C1922884100F50EF5 /* en */,
			);
			name = InfoPlist.strings;
			sourceTree = "<group>";
		};
/* End PBXVariantGroup section */

/* Begin XCBuildConfiguration section */
		C46744701922884100F50EF5 /* Debug */ = {
			isa = XCBuildConfiguration;
			buildSettings = {
				ALWAYS_SEARCH_USER_PATHS = NO;
				CLANG_CXX_LANGUAGE_STANDARD = "gnu++0x";
				CLANG_CXX_LIBRARY = "libc++";
				CLANG_ENABLE_MODULES = YES;
				CLANG_ENABLE_OBJC_ARC = YES;
				CLANG_WARN_BOOL_CONVERSION = YES;
				CLANG_WARN_CONSTANT_CONVERSION = YES;
				CLANG_WARN_DIRECT_OBJC_ISA_USAGE = YES_ERROR;
				CLANG_WARN_EMPTY_BODY = YES;
				CLANG_WARN_ENUM_CONVERSION = YES;
				CLANG_WARN_INT_CONVERSION = YES;
				CLANG_WARN_OBJC_ROOT_CLASS = YES_ERROR;
				CLANG_WARN__DUPLICATE_METHOD_MATCH = YES;
				"CODE_SIGN_IDENTITY[sdk=iphoneos*]" = "iPhone Developer";
				COPY_PHASE_STRIP = NO;
				GCC_C_LANGUAGE_STANDARD = gnu99;
				GCC_DYNAMIC_NO_PIC = NO;
				GCC_OPTIMIZATION_LEVEL = 0;
				GCC_PREPROCESSOR_DEFINITIONS = (
					"DEBUG=1",
					"$(inherited)",
				);
				GCC_SYMBOLS_PRIVATE_EXTERN = NO;
				GCC_WARN_64_TO_32_BIT_CONVERSION = YES;
				GCC_WARN_ABOUT_RETURN_TYPE = YES_ERROR;
				GCC_WARN_UNDECLARED_SELECTOR = YES;
				GCC_WARN_UNINITIALIZED_AUTOS = YES_AGGRESSIVE;
				GCC_WARN_UNUSED_FUNCTION = YES;
				GCC_WARN_UNUSED_VARIABLE = YES;
				IPHONEOS_DEPLOYMENT_TARGET = 7.1;
				ONLY_ACTIVE_ARCH = YES;
				SDKROOT = iphoneos;
			};
			name = Debug;
		};
		C46744711922884100F50EF5 /* Release */ = {
			isa = XCBuildConfiguration;
			buildSettings = {
				ALWAYS_SEARCH_USER_PATHS = NO;
				CLANG_CXX_LANGUAGE_STANDARD = "gnu++0x";
				CLANG_CXX_LIBRARY = "libc++";
				CLANG_ENABLE_MODULES = YES;
				CLANG_ENABLE_OBJC_ARC = YES;
				CLANG_WARN_BOOL_CONVERSION = YES;
				CLANG_WARN_CONSTANT_CONVERSION = YES;
				CLANG_WARN_DIRECT_OBJC_ISA_USAGE = YES_ERROR;
				CLANG_WARN_EMPTY_BODY = YES;
				CLANG_WARN_ENUM_CONVERSION = YES;
				CLANG_WARN_INT_CONVERSION = YES;
				CLANG_WARN_OBJC_ROOT_CLASS = YES_ERROR;
				CLANG_WARN__DUPLICATE_METHOD_MATCH = YES;
				"CODE_SIGN_IDENTITY[sdk=iphoneos*]" = "iPhone Developer";
				COPY_PHASE_STRIP = YES;
				ENABLE_NS_ASSERTIONS = NO;
				GCC_C_LANGUAGE_STANDARD = gnu99;
				GCC_WARN_64_TO_32_BIT_CONVERSION = YES;
				GCC_WARN_ABOUT_RETURN_TYPE = YES_ERROR;
				GCC_WARN_UNDECLARED_SELECTOR = YES;
				GCC_WARN_UNINITIALIZED_AUTOS = YES_AGGRESSIVE;
				GCC_WARN_UNUSED_FUNCTION = YES;
				GCC_WARN_UNUSED_VARIABLE = YES;
				IPHONEOS_DEPLOYMENT_TARGET = 7.1;
				SDKROOT = iphoneos;
				VALIDATE_PRODUCT = YES;
			};
			name = Release;
		};
		C46744731922884100F50EF5 /* Debug */ = {
			isa = XCBuildConfiguration;
			buildSettings = {
				ASSETCATALOG_COMPILER_APPICON_NAME = AppIcon;
				ASSETCATALOG_COMPILER_LAUNCHIMAGE_NAME = LaunchImage;
				GCC_PRECOMPILE_PREFIX_HEADER = YES;
				GCC_PREFIX_HEADER = "Adventure/Adventure-Prefix.pch";
				INFOPLIST_FILE = "Adventure/Adventure-Info.plist";
				PRODUCT_NAME = "$(TARGET_NAME)";
				WRAPPER_EXTENSION = app;
			};
			name = Debug;
		};
		C46744741922884100F50EF5 /* Release */ = {
			isa = XCBuildConfiguration;
			buildSettings = {
				ASSETCATALOG_COMPILER_APPICON_NAME = AppIcon;
				ASSETCATALOG_COMPILER_LAUNCHIMAGE_NAME = LaunchImage;
				GCC_PRECOMPILE_PREFIX_HEADER = YES;
				GCC_PREFIX_HEADER = "Adventure/Adventure-Prefix.pch";
				INFOPLIST_FILE = "Adventure/Adventure-Info.plist";
				PRODUCT_NAME = "$(TARGET_NAME)";
				WRAPPER_EXTENSION = app;
			};
			name = Release;
		};
		C46744761922884100F50EF5 /* Debug */ = {
			isa = XCBuildConfiguration;
			buildSettings = {
				BUNDLE_LOADER = "$(BUILT_PRODUCTS_DIR)/Adventure.app/Adventure";
				FRAMEWORK_SEARCH_PATHS = (
					"$(SDKROOT)/Developer/Library/Frameworks",
					"$(inherited)",
					"$(DEVELOPER_FRAMEWORKS_DIR)",
				);
				GCC_PRECOMPILE_PREFIX_HEADER = YES;
				GCC_PREFIX_HEADER = "Adventure/Adventure-Prefix.pch";
				GCC_PREPROCESSOR_DEFINITIONS = (
					"DEBUG=1",
					"$(inherited)",
				);
				INFOPLIST_FILE = "AdventureTests/AdventureTests-Info.plist";
				PRODUCT_NAME = "$(TARGET_NAME)";
				TEST_HOST = "$(BUNDLE_LOADER)";
				WRAPPER_EXTENSION = xctest;
			};
			name = Debug;
		};
		C46744771922884100F50EF5 /* Release */ = {
			isa = XCBuildConfiguration;
			buildSettings = {
				BUNDLE_LOADER = "$(BUILT_PRODUCTS_DIR)/Adventure.app/Adventure";
				FRAMEWORK_SEARCH_PATHS = (
					"$(SDKROOT)/Developer/Library/Frameworks",
					"$(inherited)",
					"$(DEVELOPER_FRAMEWORKS_DIR)",
				);
				GCC_PRECOMPILE_PREFIX_HEADER = YES;
				GCC_PREFIX_HEADER = "Adventure/Adventure-Prefix.pch";
				INFOPLIST_FILE = "AdventureTests/AdventureTests-Info.plist";
				PRODUCT_NAME = "$(TARGET_NAME)";
				TEST_HOST = "$(BUNDLE_LOADER)";
				WRAPPER_EXTENSION = xctest;
			};
			name = Release;
		};
/* End XCBuildConfiguration section */

/* Begin XCConfigurationList section */
		C467443B1922884100F50EF5 /* Build configuration list for PBXProject "Adventure" */ = {
			isa = XCConfigurationList;
			buildConfigurations = (
				C46744701922884100F50EF5 /* Debug */,
				C46744711922884100F50EF5 /* Release */,
			);
			defaultConfigurationIsVisible = 0;
			defaultConfigurationName = Release;
		};
		C46744721922884100F50EF5 /* Build configuration list for PBXNativeTarget "Adventure" */ = {
			isa = XCConfigurationList;
			buildConfigurations = (
				C46744731922884100F50EF5 /* Debug */,
				C46744741922884100F50EF5 /* Release */,
			);
			defaultConfigurationIsVisible = 0;
		};
		C46744751922884100F50EF5 /* Build configuration list for PBXNativeTarget "AdventureTests" */ = {
			isa = XCConfigurationList;
			buildConfigurations = (
				C46744761922884100F50EF5 /* Debug */,
				C46744771922884100F50EF5 /* Release */,
			);
			defaultConfigurationIsVisible = 0;
		};
/* End XCConfigurationList section */
	};
	rootObject = C46744381922884100F50EF5 /* Project object */;
}
